
Microsoft Visual Studio Solution File, Format Version 12.00
# Visual Studio Version 16
VisualStudioVersion = 16.0.29424.173
MinimumVisualStudioVersion = 10.0.40219.1
Project("{FAE04EC0-301F-11D3-BF4B-00C04F79EFBC}") = "InterestCalculator", "InterestCalculator.csproj", "{159A935D-0171-4830-ABFC-51F16920CE54}"
EndProject
Global
	GlobalSection(SolutionConfigurationPlatforms) = preSolution
		Debug|Any CPU = Debug|Any CPU
		Release|Any CPU = Release|Any CPU
	EndGlobalSection
	GlobalSection(ProjectConfigurationPlatforms) = postSolution
		{159A935D-0171-4830-ABFC-51F16920CE54}.Debug|Any CPU.ActiveCfg = Debug|Any CPU
		{159A935D-0171-4830-ABFC-51F16920CE54}.Debug|Any CPU.Build.0 = Debug|Any CPU
		{159A935D-0171-4830-ABFC-51F16920CE54}.Release|Any CPU.ActiveCfg = Release|Any CPU
		{159A935D-0171-4830-ABFC-51F16920CE54}.Release|Any CPU.Build.0 = Release|Any CPU
	EndGlobalSection
	GlobalSection(SolutionProperties) = preSolution
		HideSolutionNode = FALSE
	EndGlobalSection
	GlobalSection(ExtensibilityGlobals) = postSolution
		SolutionGuid = {9B843292-1272-4E06-A3EC-13CF9175B8C6}
	EndGlobalSection
EndGlobal
